# THIS IS AN AUTOGENERATED FILE. DO NOT EDIT THIS FILE DIRECTLY.
# yarn lockfile v1


"@babel/code-frame@^7.12.13":
  version "7.26.2"
  resolved "https://registry.npmjs.org/@babel/code-frame/-/code-frame-7.26.2.tgz#4b5fab97d33338eff916235055f0ebc21e573a85"
  integrity sha512-RJlIHRueQgwWitWgF8OdFYGZX328Ax5BCemNGlqHfplnRT9ESi8JkFlvaVYbS+UubVY6dpv87Fs2u5M29iNFVQ==
  dependencies:
    "@babel/helper-validator-identifier" "^7.25.9"
    js-tokens "^4.0.0"
    picocolors "^1.0.0"

"@babel/helper-validator-identifier@^7.25.9":
  version "7.25.9"
  resolved "https://registry.npmjs.org/@babel/helper-validator-identifier/-/helper-validator-identifier-7.25.9.tgz#24b64e2c3ec7cd3b3c547729b8d16871f22cbdc7"
  integrity sha512-Ed61U6XJc3CVRfkERJWDz4dJwKe7iLmmJsbOGu9wSloNSFttHV0I8g6UAgb7qnK5ly5bGLPd4oXZlxCdANBOWQ==

"@jest/expect-utils@^29.7.0":
  version "29.7.0"
  resolved "https://registry.npmjs.org/@jest/expect-utils/-/expect-utils-29.7.0.tgz#023efe5d26a8a70f21677d0a1afc0f0a44e3a1c6"
  integrity sha512-GlsNBWiFQFCVi9QVSx7f5AgMeLxe9YCCs5PuP2O2LdjDAA8Jh9eX7lA1Jq/xdXw3Wb3hyvlFNfZIfcRetSzYcA==
  dependencies:
    jest-get-type "^29.6.3"

"@jest/schemas@^29.6.3":
  version "29.6.3"
  resolved "https://registry.npmjs.org/@jest/schemas/-/schemas-29.6.3.tgz#430b5ce8a4e0044a7e3819663305a7b3091c8e03"
  integrity sha512-mo5j5X+jIZmJQveBKeS/clAueipV7KgiX1vMgCxam1RNYiqE1w62n0/tJJnHtjW8ZHcQco5gY85jA3mi0L+nSA==
  dependencies:
    "@sinclair/typebox" "^0.27.8"

"@jest/types@^29.6.3":
  version "29.6.3"
  resolved "https://registry.npmjs.org/@jest/types/-/types-29.6.3.tgz#1131f8cf634e7e84c5e77bab12f052af585fba59"
  integrity sha512-u3UPsIilWKOM3F9CXtrG8LEJmNxwoCQC/XVj4IKYXvvpx7QIi/Kg1LI5uDmDpKlac62NUtX7eLjRh+jVZcLOzw==
  dependencies:
    "@jest/schemas" "^29.6.3"
    "@types/istanbul-lib-coverage" "^2.0.0"
    "@types/istanbul-reports" "^3.0.0"
    "@types/node" "*"
    "@types/yargs" "^17.0.8"
    chalk "^4.0.0"

"@sinclair/typebox@^0.27.8":
  version "0.27.8"
  resolved "https://registry.npmjs.org/@sinclair/typebox/-/typebox-0.27.8.tgz#6667fac16c436b5434a387a34dedb013198f6e6e"
  integrity sha512-+Fj43pSMwJs4KRrH/938Uf+uAELIgVBmQzg/q1YG10djyfA3TnrU8N8XzqCh/okZdszqBQTZf96idMfE5lnwTA==

"@types/istanbul-lib-coverage@*", "@types/istanbul-lib-coverage@^2.0.0":
  version "2.0.6"
  resolved "https://registry.npmjs.org/@types/istanbul-lib-coverage/-/istanbul-lib-coverage-2.0.6.tgz#7739c232a1fee9b4d3ce8985f314c0c6d33549d7"
  integrity sha512-2QF/t/auWm0lsy8XtKVPG19v3sSOQlJe/YHZgfjb/KBBHOGSV+J2q/S671rcq9uTBrLAXmZpqJiaQbMT+zNU1w==

"@types/istanbul-lib-report@*":
  version "3.0.3"
  resolved "https://registry.npmjs.org/@types/istanbul-lib-report/-/istanbul-lib-report-3.0.3.tgz#53047614ae72e19fc0401d872de3ae2b4ce350bf"
  integrity sha512-NQn7AHQnk/RSLOxrBbGyJM/aVQ+pjj5HCgasFxc0K/KhoATfQ/47AyUl15I2yBUpihjmas+a+VJBOqecrFH+uA==
  dependencies:
    "@types/istanbul-lib-coverage" "*"

"@types/istanbul-reports@^3.0.0":
  version "3.0.4"
  resolved "https://registry.npmjs.org/@types/istanbul-reports/-/istanbul-reports-3.0.4.tgz#0f03e3d2f670fbdac586e34b433783070cc16f54"
  integrity sha512-pk2B1NWalF9toCRu6gjBzR69syFjP4Od8WRAX+0mmf9lAjCRicLOWc+ZrxZHx/0XRjotgkF9t6iaMJ+aXcOdZQ==
  dependencies:
    "@types/istanbul-lib-report" "*"

"@types/jest@^29.5.14":
  version "29.5.14"
  resolved "https://registry.npmjs.org/@types/jest/-/jest-29.5.14.tgz#2b910912fa1d6856cadcd0c1f95af7df1d6049e5"
  integrity sha512-ZN+4sdnLUbo8EVvVc2ao0GFW6oVrQRPn4K2lglySj7APvSrgzxHiNNK99us4WDMi57xxA2yggblIAMNhXOotLQ==
  dependencies:
    expect "^29.0.0"
    pretty-format "^29.0.0"

"@types/node@*":
  version "22.13.11"
  resolved "https://registry.npmjs.org/@types/node/-/node-22.13.11.tgz#f0ed6b302dcf0f4229d44ea707e77484ad46d234"
  integrity sha512-iEUCUJoU0i3VnrCmgoWCXttklWcvoCIx4jzcP22fioIVSdTmjgoEvmAO/QPw6TcS9k5FrNgn4w7q5lGOd1CT5g==
  dependencies:
    undici-types "~6.20.0"

"@types/react-dom@^19.0.4":
  version "19.0.4"
  resolved "https://registry.npmjs.org/@types/react-dom/-/react-dom-19.0.4.tgz#bedba97f9346bd4c0fe5d39e689713804ec9ac89"
  integrity sha512-4fSQ8vWFkg+TGhePfUzVmat3eC14TXYSsiiDSLI0dVLsrm9gZFABjPy/Qu6TKgl1tq1Bu1yDsuQgY3A3DOjCcg==

"@types/react@^19.0.12":
  version "19.0.12"
  resolved "https://registry.npmjs.org/@types/react/-/react-19.0.12.tgz#338b3f7854adbb784be454b3a83053127af96bd3"
  integrity sha512-V6Ar115dBDrjbtXSrS+/Oruobc+qVbbUxDFC1RSbRqLt5SYvxxyIDrSC85RWml54g+jfNeEMZhEj7wW07ONQhA==
  dependencies:
    csstype "^3.0.2"

"@types/stack-utils@^2.0.0":
  version "2.0.3"
  resolved "https://registry.npmjs.org/@types/stack-utils/-/stack-utils-2.0.3.tgz#6209321eb2c1712a7e7466422b8cb1fc0d9dd5d8"
  integrity sha512-9aEbYZ3TbYMznPdcdr3SmIrLXwC/AKZXQeCf9Pgao5CKb8CyHuEX5jzWPTkvregvhRJHcpRO6BFoGW9ycaOkYw==

"@types/yargs-parser@*":
  version "21.0.3"
  resolved "https://registry.npmjs.org/@types/yargs-parser/-/yargs-parser-21.0.3.tgz#815e30b786d2e8f0dcd85fd5bcf5e1a04d008f15"
  integrity sha512-I4q9QU9MQv4oEOz4tAHJtNz1cwuLxn2F3xcc2iV5WdqLPpUnj30aUuxt1mAxYTG+oe8CZMV/+6rU4S4gRDzqtQ==

"@types/yargs@^17.0.8":
  version "17.0.33"
  resolved "https://registry.npmjs.org/@types/yargs/-/yargs-17.0.33.tgz#8c32303da83eec050a84b3c7ae7b9f922d13e32d"
  integrity sha512-WpxBCKWPLr4xSsHgz511rFJAM+wS28w2zEO1QDNY5zM/S8ok70NNfztH0xwhqKyaK0OHCbN98LDAZuy1ctxDkA==
  dependencies:
    "@types/yargs-parser" "*"

ansi-styles@^4.1.0:
  version "4.3.0"
  resolved "https://registry.npmjs.org/ansi-styles/-/ansi-styles-4.3.0.tgz#edd803628ae71c04c85ae7a0906edad34b648937"
  integrity sha512-zbB9rCJAT1rbjiVDb2hqKFHNYLxgtk8NURxZ3IZwD3F6NtxbXZQCnnSi1Lkx+IDohdPlFp222wVALIheZJQSEg==
  dependencies:
    color-convert "^2.0.1"

ansi-styles@^5.0.0:
  version "5.2.0"
  resolved "https://registry.npmjs.org/ansi-styles/-/ansi-styles-5.2.0.tgz#07449690ad45777d1924ac2abb2fc8895dba836b"
  integrity sha512-Cxwpt2SfTzTtXcfOlzGEee8O+c+MmUgGrNiBcXnuWxuFJHe6a5Hz7qwhwe5OgaSYI0IJvkLqWX1ASG+cJOkEiA==

braces@^3.0.3:
  version "3.0.3"
  resolved "https://registry.npmjs.org/braces/-/braces-3.0.3.tgz#490332f40919452272d55a8480adc0c441358789"
  integrity sha512-yQbXgO/OSZVD2IsiLlro+7Hf6Q18EJrKSEsdoMzKePKXct3gvD8oLcOQdIzGupr5Fj+EDe8gO/lxc1BzfMpxvA==
  dependencies:
    fill-range "^7.1.1"

chalk@^4.0.0:
  version "4.1.2"
  resolved "https://registry.npmjs.org/chalk/-/chalk-4.1.2.tgz#aac4e2b7734a740867aeb16bf02aad556a1e7a01"
  integrity sha512-oKnbhFyRIXpUuez8iBMmyEa4nbj4IOQyuhc/wy9kY7/WVPcwIO9VA668Pu8RkO7+0G76SLROeyw9CpQ061i4mA==
  dependencies:
    ansi-styles "^4.1.0"
    supports-color "^7.1.0"

ci-info@^3.2.0:
  version "3.9.0"
  resolved "https://registry.npmjs.org/ci-info/-/ci-info-3.9.0.tgz#4279a62028a7b1f262f3473fc9605f5e218c59b4"
  integrity sha512-NIxF55hv4nSqQswkAeiOi1r83xy8JldOFDTWiug55KBu9Jnblncd2U6ViHmYgHf01TPZS77NJBhBMKdWj9HQMQ==

color-convert@^2.0.1:
  version "2.0.1"
  resolved "https://registry.npmjs.org/color-convert/-/color-convert-2.0.1.tgz#72d3a68d598c9bdb3af2ad1e84f21d896abd4de3"
  integrity sha512-RRECPsj7iu/xb5oKYcsFHSppFNnsj/52OVTRKb4zP5onXwVF3zVmmToNcOfGC+CRDpfK/U584fMg38ZHCaElKQ==
  dependencies:
    color-name "~1.1.4"

color-name@~1.1.4:
  version "1.1.4"
  resolved "https://registry.npmjs.org/color-name/-/color-name-1.1.4.tgz#c2a09a87acbde69543de6f63fa3995c826c536a2"
  integrity sha512-dOy+3AuW3a2wNbZHIuMZpTcgjGuLU/uBL/ubcZF9OXbDo8ff4O8yVp5Bf0efS8uEoYo5q4Fx7dY9OgQGXgAsQA==

csstype@^3.0.2:
  version "3.1.3"
  resolved "https://registry.npmjs.org/csstype/-/csstype-3.1.3.tgz#d80ff294d114fb0e6ac500fbf85b60137d7eff81"
  integrity sha512-M1uQkMl8rQK/szD0LNhtqxIPLpimGm8sOBwU7lLnCpSbTyY3yeU1Vc7l4KT5zT4s/yOxHH5O7tIuuLOCnLADRw==

diff-sequences@^29.6.3:
  version "29.6.3"
  resolved "https://registry.npmjs.org/diff-sequences/-/diff-sequences-29.6.3.tgz#4deaf894d11407c51efc8418012f9e70b84ea921"
  integrity sha512-EjePK1srD3P08o2j4f0ExnylqRs5B9tJjcp9t1krH2qRi8CCdsYfwe9JgSLurFBWwq4uOlipzfk5fHNvwFKr8Q==

escape-string-regexp@^2.0.0:
  version "2.0.0"
  resolved "https://registry.npmjs.org/escape-string-regexp/-/escape-string-regexp-2.0.0.tgz#a30304e99daa32e23b2fd20f51babd07cffca344"
  integrity sha512-UpzcLCXolUWcNu5HtVMHYdXJjArjsF9C0aNnquZYY4uW/Vu0miy5YoWvbV345HauVvcAUnpRuhMMcqTcGOY2+w==

expect@^29.0.0:
  version "29.7.0"
  resolved "https://registry.npmjs.org/expect/-/expect-29.7.0.tgz#578874590dcb3214514084c08115d8aee61e11bc"
  integrity sha512-2Zks0hf1VLFYI1kbh0I5jP3KHHyCHpkfyHBzsSXRFgl/Bg9mWYfMW8oD+PdMPlEwy5HNsR9JutYy6pMeOh61nw==
  dependencies:
    "@jest/expect-utils" "^29.7.0"
    jest-get-type "^29.6.3"
    jest-matcher-utils "^29.7.0"
    jest-message-util "^29.7.0"
    jest-util "^29.7.0"

fill-range@^7.1.1:
  version "7.1.1"
  resolved "https://registry.npmjs.org/fill-range/-/fill-range-7.1.1.tgz#44265d3cac07e3ea7dc247516380643754a05292"
  integrity sha512-YsGpe3WHLK8ZYi4tWDg2Jy3ebRz2rXowDxnld4bkQB00cc/1Zw9AWnC0i9ztDJitivtQvaI9KaLyKrc+hBW0yg==
  dependencies:
    to-regex-range "^5.0.1"

graceful-fs@^4.2.9:
  version "4.2.11"
  resolved "https://registry.npmjs.org/graceful-fs/-/graceful-fs-4.2.11.tgz#4183e4e8bf08bb6e05bbb2f7d2e0c8f712ca40e3"
  integrity sha512-RbJ5/jmFcNNCcDV5o9eTnBLJ/HszWV0P73bc+Ff4nS/rJj+YaS6IGyiOL0VoBYX+l1Wrl3k63h/KrH+nhJ0XvQ==

has-flag@^4.0.0:
  version "4.0.0"
  resolved "https://registry.npmjs.org/has-flag/-/has-flag-4.0.0.tgz#944771fd9c81c81265c4d6941860da06bb59479b"
  integrity sha512-EykJT/Q1KjTWctppgIAgfSO0tKVuZUjhgMr17kqTumMl6Afv3EISleU7qZUzoXDFTAHTDC4NOoG/ZxU3EvlMPQ==

hw-packages@^1.0.1:
  version "1.0.1"
  resolved "https://registry.npmjs.org/hw-packages/-/hw-packages-1.0.1.tgz#34ab6d98e3d92fc31b2be84992e902451447f84f"
  integrity sha512-uVsGleEOCTFAWY7D2UaFjHtEmCKXUHs9J3oExEsXA9LI47ZFzSGaC7bdywDEDadEr118MGJcHlowuyGkBOhMow==
  dependencies:
    "@types/jest" "^29.5.14"
    "@types/react" "^19.0.12"
    "@types/react-dom" "^19.0.4"
    react "^19.0.0"
    react-dom "^19.0.0"
    typescript "^5.8.2"

is-number@^7.0.0:
  version "7.0.0"
  resolved "https://registry.npmjs.org/is-number/-/is-number-7.0.0.tgz#7535345b896734d5f80c4d06c50955527a14f12b"
  integrity sha512-41Cifkg6e8TylSpdtTpeLVMqvSBEVzTttHvERD741+pnZ8ANv0004MRL43QKPDlK9cGvNp6NZWZUBlbGXYxxng==

jest-diff@^29.7.0:
  version "29.7.0"
  resolved "https://registry.npmjs.org/jest-diff/-/jest-diff-29.7.0.tgz#017934a66ebb7ecf6f205e84699be10afd70458a"
  integrity sha512-LMIgiIrhigmPrs03JHpxUh2yISK3vLFPkAodPeo0+BuF7wA2FoQbkEg1u8gBYBThncu7e1oEDUfIXVuTqLRUjw==
  dependencies:
    chalk "^4.0.0"
    diff-sequences "^29.6.3"
    jest-get-type "^29.6.3"
    pretty-format "^29.7.0"

jest-get-type@^29.6.3:
  version "29.6.3"
  resolved "https://registry.npmjs.org/jest-get-type/-/jest-get-type-29.6.3.tgz#36f499fdcea197c1045a127319c0481723908fd1"
  integrity sha512-zrteXnqYxfQh7l5FHyL38jL39di8H8rHoecLH3JNxH3BwOrBsNeabdap5e0I23lD4HHI8W5VFBZqG4Eaq5LNcw==

jest-matcher-utils@^29.7.0:
  version "29.7.0"
  resolved "https://registry.npmjs.org/jest-matcher-utils/-/jest-matcher-utils-29.7.0.tgz#ae8fec79ff249fd592ce80e3ee474e83a6c44f12"
  integrity sha512-sBkD+Xi9DtcChsI3L3u0+N0opgPYnCRPtGcQYrgXmR+hmt/fYfWAL0xRXYU8eWOdfuLgBe0YCW3AFtnRLagq/g==
  dependencies:
    chalk "^4.0.0"
    jest-diff "^29.7.0"
    jest-get-type "^29.6.3"
    pretty-format "^29.7.0"

jest-message-util@^29.7.0:
  version "29.7.0"
  resolved "https://registry.npmjs.org/jest-message-util/-/jest-message-util-29.7.0.tgz#8bc392e204e95dfe7564abbe72a404e28e51f7f3"
  integrity sha512-GBEV4GRADeP+qtB2+6u61stea8mGcOT4mCtrYISZwfu9/ISHFJ/5zOMXYbpBE9RsS5+Gb63DW4FgmnKJ79Kf6w==
  dependencies:
    "@babel/code-frame" "^7.12.13"
    "@jest/types" "^29.6.3"
    "@types/stack-utils" "^2.0.0"
    chalk "^4.0.0"
    graceful-fs "^4.2.9"
    micromatch "^4.0.4"
    pretty-format "^29.7.0"
    slash "^3.0.0"
    stack-utils "^2.0.3"

jest-util@^29.7.0:
  version "29.7.0"
  resolved "https://registry.npmjs.org/jest-util/-/jest-util-29.7.0.tgz#23c2b62bfb22be82b44de98055802ff3710fc0bc"
  integrity sha512-z6EbKajIpqGKU56y5KBUgy1dt1ihhQJgWzUlZHArA/+X2ad7Cb5iF+AK1EWVL/Bo7Rz9uurpqw6SiBCefUbCGA==
  dependencies:
    "@jest/types" "^29.6.3"
    "@types/node" "*"
    chalk "^4.0.0"
    ci-info "^3.2.0"
    graceful-fs "^4.2.9"
    picomatch "^2.2.3"

js-tokens@^4.0.0:
  version "4.0.0"
  resolved "https://registry.npmjs.org/js-tokens/-/js-tokens-4.0.0.tgz#19203fb59991df98e3a287050d4647cdeaf32499"
  integrity sha512-RdJUflcE3cUzKiMqQgsCu06FPu9UdIJO0beYbPhHN4k6apgJtifcoCtT9bcxOpYBtpD2kCM6Sbzg4CausW/PKQ==

micromatch@^4.0.4:
  version "4.0.8"
  resolved "https://registry.npmjs.org/micromatch/-/micromatch-4.0.8.tgz#d66fa18f3a47076789320b9b1af32bd86d9fa202"
  integrity sha512-PXwfBhYu0hBCPw8Dn0E+WDYb7af3dSLVWKi3HGv84IdF4TyFoC0ysxFd0Goxw7nSv4T/PzEJQxsYsEiFCKo2BA==
  dependencies:
    braces "^3.0.3"
    picomatch "^2.3.1"

picocolors@^1.0.0:
  version "1.1.1"
  resolved "https://registry.npmjs.org/picocolors/-/picocolors-1.1.1.tgz#3d321af3eab939b083c8f929a1d12cda81c26b6b"
  integrity sha512-xceH2snhtb5M9liqDsmEw56le376mTZkEX/jEb/RxNFyegNul7eNslCXP9FDj/Lcu0X8KEyMceP2ntpaHrDEVA==

picomatch@^2.2.3, picomatch@^2.3.1:
  version "2.3.1"
  resolved "https://registry.npmjs.org/picomatch/-/picomatch-2.3.1.tgz#3ba3833733646d9d3e4995946c1365a67fb07a42"
  integrity sha512-JU3teHTNjmE2VCGFzuY8EXzCDVwEqB2a8fsIvwaStHhAWJEeVd1o1QD80CU6+ZdEXXSLbSsuLwJjkCBWqRQUVA==

pretty-format@^29.0.0, pretty-format@^29.7.0:
  version "29.7.0"
  resolved "https://registry.npmjs.org/pretty-format/-/pretty-format-29.7.0.tgz#ca42c758310f365bfa71a0bda0a807160b776812"
  integrity sha512-Pdlw/oPxN+aXdmM9R00JVC9WVFoCLTKJvDVLgmJ+qAffBMxsV85l/Lu7sNx4zSzPyoL2euImuEwHhOXdEgNFZQ==
  dependencies:
    "@jest/schemas" "^29.6.3"
    ansi-styles "^5.0.0"
    react-is "^18.0.0"

react-dom@^19.0.0:
  version "19.0.0"
  resolved "https://registry.npmjs.org/react-dom/-/react-dom-19.0.0.tgz#43446f1f01c65a4cd7f7588083e686a6726cfb57"
  integrity sha512-4GV5sHFG0e/0AD4X+ySy6UJd3jVl1iNsNHdpad0qhABJ11twS3TTBnseqsKurKcsNqCEFeGL3uLpVChpIO3QfQ==
  dependencies:
    scheduler "^0.25.0"

react-is@^18.0.0:
  version "18.3.1"
  resolved "https://registry.npmjs.org/react-is/-/react-is-18.3.1.tgz#e83557dc12eae63a99e003a46388b1dcbb44db7e"
  integrity sha512-/LLMVyas0ljjAtoYiPqYiL8VWXzUUdThrmU5+n20DZv+a+ClRoevUzw5JxU+Ieh5/c87ytoTBV9G1FiKfNJdmg==

react@^19.0.0:
  version "19.0.0"
  resolved "https://registry.npmjs.org/react/-/react-19.0.0.tgz#6e1969251b9f108870aa4bff37a0ce9ddfaaabdd"
  integrity sha512-V8AVnmPIICiWpGfm6GLzCR/W5FXLchHop40W4nXBmdlEceh16rCN8O8LNWm5bh5XUX91fh7KpA+W0TgMKmgTpQ==

scheduler@^0.25.0:
  version "0.25.0"
  resolved "https://registry.npmjs.org/scheduler/-/scheduler-0.25.0.tgz#336cd9768e8cceebf52d3c80e3dcf5de23e7e015"
  integrity sha512-xFVuu11jh+xcO7JOAGJNOXld8/TcEHK/4CituBUeUb5hqxJLj9YuemAEuvm9gQ/+pgXYfbQuqAkiYu+u7YEsNA==

slash@^3.0.0:
  version "3.0.0"
  resolved "https://registry.npmjs.org/slash/-/slash-3.0.0.tgz#6539be870c165adbd5240220dbe361f1bc4d4634"
  integrity sha512-g9Q1haeby36OSStwb4ntCGGGaKsaVSjQ68fBxoQcutl5fS1vuY18H3wSt3jFyFtrkx+Kz0V1G85A4MyAdDMi2Q==

stack-utils@^2.0.3:
  version "2.0.6"
  resolved "https://registry.npmjs.org/stack-utils/-/stack-utils-2.0.6.tgz#aaf0748169c02fc33c8232abccf933f54a1cc34f"
  integrity sha512-XlkWvfIm6RmsWtNJx+uqtKLS8eqFbxUg0ZzLXqY0caEy9l7hruX8IpiDnjsLavoBgqCCR71TqWO8MaXYheJ3RQ==
  dependencies:
    escape-string-regexp "^2.0.0"

supports-color@^7.1.0:
  version "7.2.0"
  resolved "https://registry.npmjs.org/supports-color/-/supports-color-7.2.0.tgz#1b7dcdcb32b8138801b3e478ba6a51caa89648da"
  integrity sha512-qpCAvRl9stuOHveKsn7HncJRvv501qIacKzQlO/+Lwxc9+0q2wLyv4Dfvt80/DPn2pqOBsJdDiogXGR9+OvwRw==
  dependencies:
    has-flag "^4.0.0"

to-regex-range@^5.0.1:
  version "5.0.1"
  resolved "https://registry.npmjs.org/to-regex-range/-/to-regex-range-5.0.1.tgz#1648c44aae7c8d988a326018ed72f5b4dd0392e4"
  integrity sha512-65P7iz6X5yEr1cwcgvQxbbIw7Uk3gOy5dIdtZ4rDveLqhrdJP+Li/Hx6tyK0NEb+2GCyneCMJiGqrADCSNk8sQ==
  dependencies:
    is-number "^7.0.0"

typescript@^5.8.2:
  version "5.8.2"
  resolved "https://registry.npmjs.org/typescript/-/typescript-5.8.2.tgz#8170b3702f74b79db2e5a96207c15e65807999e4"
  integrity sha512-aJn6wq13/afZp/jT9QZmwEjDqqvSGp1VT5GVg+f/t6/oVyrgXM6BY1h9BRh/O5p3PlUPAe+WuiEZOmb/49RqoQ==

undici-types@~6.20.0:
  version "6.20.0"
  resolved "https://registry.npmjs.org/undici-types/-/undici-types-6.20.0.tgz#8171bf22c1f588d1554d55bf204bc624af388433"
  integrity sha512-Ny6QZ2Nju20vw1SRHe3d9jVu6gJ+4e3+MMpqu7pqE5HT6WsTSlce++GQmK5UXS8mzV8DSYHrQH+Xrf2jVcuKNg==
